
Microsoft Visual Studio Solution File, Format Version 12.00
# Visual Studio 15
VisualStudioVersion = 15.0.28307.1758
MinimumVisualStudioVersion = 10.0.40219.1
Project("{FAE04EC0-301F-11D3-BF4B-00C04F79EFBC}") = "SshServerTest", "SshServerTest\SshServerTest.csproj", "{B0E30FBE-068E-4380-9504-9C7DEE061B7F}"
EndProject
Project("{FAE04EC0-301F-11D3-BF4B-00C04F79EFBC}") = "FxSsh", "FxSsh\FxSsh.csproj", "{CA55D468-C030-4D01-92EF-534FF129DE09}"
EndProject
Global
	GlobalSection(SolutionConfigurationPlatforms) = preSolution
		Debug|Any CPU = Debug|Any CPU
		Release|Any CPU = Release|Any CPU
	EndGlobalSection
	GlobalSection(ProjectConfigurationPlatforms) = postSolution
		{B0E30FBE-068E-4380-9504-9C7DEE061B7F}.Debug|Any CPU.ActiveCfg = Debug|Any CPU
		{B0E30FBE-068E-4380-9504-9C7DEE061B7F}.Debug|Any CPU.Build.0 = Debug|Any CPU
		{B0E30FBE-068E-4380-9504-9C7DEE061B7F}.Release|Any CPU.ActiveCfg = Release|Any CPU
		{B0E30FBE-068E-4380-9504-9C7DEE061B7F}.Release|Any CPU.Build.0 = Release|Any CPU
		{CA55D468-C030-4D01-92EF-534FF129DE09}.Debug|Any CPU.ActiveCfg = Debug|Any CPU
		{CA55D468-C030-4D01-92EF-534FF129DE09}.Debug|Any CPU.Build.0 = Debug|Any CPU
		{CA55D468-C030-4D01-92EF-534FF129DE09}.Release|Any CPU.ActiveCfg = Release|Any CPU
		{CA55D468-C030-4D01-92EF-534FF129DE09}.Release|Any CPU.Build.0 = Release|Any CPU
	EndGlobalSection
	GlobalSection(SolutionProperties) = preSolution
		HideSolutionNode = FALSE
	EndGlobalSection
	GlobalSection(ExtensibilityGlobals) = postSolution
		SolutionGuid = {704A1D40-3483-4718-BF10-5F1D263555F7}
	EndGlobalSection
EndGlobal
